
Microsoft Visual Studio Solution File, Format Version 12.00
# Visual Studio 15
Project("{FAE04EC0-301F-11D3-BF4B-00C04F79EFBC}") = "fonverter", "fonverter.csproj", "{B9B7FBF3-99B6-47A7-B278-705332EED289}"
EndProject
Global
	GlobalSection(SolutionConfigurationPlatforms) = preSolution
		Debug|Any CPU = Debug|Any CPU
		Release|Any CPU = Release|Any CPU
	EndGlobalSection
	GlobalSection(ProjectConfigurationPlatforms) = postSolution
		{B9B7FBF3-99B6-47A7-B278-705332EED289}.Debug|Any CPU.ActiveCfg = Debug|Any CPU
		{B9B7FBF3-99B6-47A7-B278-705332EED289}.Debug|Any CPU.Build.0 = Debug|Any CPU
		{B9B7FBF3-99B6-47A7-B278-705332EED289}.Release|Any CPU.ActiveCfg = Release|Any CPU
		{B9B7FBF3-99B6-47A7-B278-705332EED289}.Release|Any CPU.Build.0 = Release|Any CPU
	EndGlobalSection
EndGlobal
